# This file is automatically @generated by Cargo.
# It is not intended for manual editing.
[[package]]
name = "fixedbitset"
version = "0.4.0"
source = "registry+https://github.com/rust-lang/crates.io-index"
checksum = "398ea4fabe40b9b0d885340a2a991a44c8a645624075ad966d21f88688e2b69e"

[[package]]
name = "lazy_static"
version = "1.4.0"
source = "registry+https://github.com/rust-lang/crates.io-index"
checksum = "e2abad23fbc42b3700f2f279844dc832adb2b2eb069b2df918f455c4e18cc646"

[[package]]
name = "maplit"
version = "1.0.2"
source = "registry+https://github.com/rust-lang/crates.io-index"
checksum = "3e2e65a1a2e43cfcb47a895c4c8b10d1f4a61097f9f254f183aee60cad9c651d"

[[package]]
name = "multimap"
version = "0.8.3"
source = "registry+https://github.com/rust-lang/crates.io-index"
checksum = "e5ce46fe64a9d73be07dcbe690a38ce1b293be448fd8ce1e6c1b8062c9f72c6a"

[[package]]
name = "permutohedron"
version = "0.2.4"
source = "registry+https://github.com/rust-lang/crates.io-index"
checksum = "b687ff7b5da449d39e418ad391e5e08da53ec334903ddbb921db208908fc372c"

[[package]]
name = "proc-macro2"
version = "1.0.27"
source = "registry+https://github.com/rust-lang/crates.io-index"
checksum = "f0d8caf72986c1a598726adc988bb5984792ef84f5ee5aa50209145ee8077038"
dependencies = [
 "unicode-xid",
]

[[package]]
name = "proconio"
version = "0.4.3"
source = "registry+https://github.com/rust-lang/crates.io-index"
checksum = "91c333be3af2936f8e810300bc74fe4d0cc168ebc04ab02a28c5b1060fa1bd59"
dependencies = [
 "lazy_static",
 "proconio-derive",
]

[[package]]
name = "proconio-derive"
version = "0.2.1"
source = "registry+https://github.com/rust-lang/crates.io-index"
checksum = "bccfa078f1a3db6563793531989799a2201d9bdf609f48dd82620b443fbcd409"
dependencies = [
 "proc-macro2",
 "quote",
 "syn",
]

[[package]]
name = "quote"
version = "1.0.9"
source = "registry+https://github.com/rust-lang/crates.io-index"
checksum = "c3d0b9745dc2debf507c8422de05d7226cc1f0644216dfdfead988f9b1ab32a7"
dependencies = [
 "proc-macro2",
]

[[package]]
name = "rustc-hash"
version = "1.1.0"
source = "registry+https://github.com/rust-lang/crates.io-index"
checksum = "08d43f7aa6b08d49f382cde6a7982047c3426db949b1424bc4b7ec9ae12c6ce2"

[[package]]
name = "solutions"
version = "0.0.0"
dependencies = [
 "fixedbitset",
 "lazy_static",
 "maplit",
 "multimap",
 "permutohedron",
 "proconio",
 "rustc-hash",
 "strsim",
 "whiteread",
]

[[package]]
name = "strsim"
version = "0.10.0"
source = "registry+https://github.com/rust-lang/crates.io-index"
checksum = "73473c0e59e6d5812c5dfe2a064a6444949f089e20eec9a2e5506596494e4623"

[[package]]
name = "syn"
version = "1.0.72"
source = "registry+https://github.com/rust-lang/crates.io-index"
checksum = "a1e8cdbefb79a9a5a65e0db8b47b723ee907b7c7f8496c76a1770b5c310bab82"
dependencies = [
 "proc-macro2",
 "quote",
 "unicode-xid",
]

[[package]]
name = "unicode-xid"
version = "0.2.2"
source = "registry+https://github.com/rust-lang/crates.io-index"
checksum = "8ccb82d61f80a663efe1f787a51b16b5a51e3314d6ac365b08639f52387b33f3"

[[package]]
name = "whiteread"
version = "0.5.0"
source = "registry+https://github.com/rust-lang/crates.io-index"
checksum = "8bc25de0a968755322a6b517a7257df7ec3216ed7907b8fc064906542f9714b3"
